
Microsoft Visual Studio Solution File, Format Version 12.00
# Visual Studio Version 17
VisualStudioVersion = 17.6.33815.320
MinimumVisualStudioVersion = 10.0.40219.1
Project("{54A90642-561A-4BB1-A94E-469ADEE60C69}") = "angularapp", "angularapp\angularapp.esproj", "{BC819811-C192-4D19-BBE1-34BA0AF8ECA2}"
EndProject
Project("{9A19103F-16F7-4668-BE54-9A1E7A4F7556}") = "webapi", "webapi\webapi.csproj", "{E873C2F4-A87A-46D1-A24F-C6FA0B2EACE4}"
EndProject
Global
	GlobalSection(SolutionConfigurationPlatforms) = preSolution
		Debug|Any CPU = Debug|Any CPU
		Release|Any CPU = Release|Any CPU
	EndGlobalSection
	GlobalSection(ProjectConfigurationPlatforms) = postSolution
		{BC819811-C192-4D19-BBE1-34BA0AF8ECA2}.Debug|Any CPU.ActiveCfg = Debug|Any CPU
		{BC819811-C192-4D19-BBE1-34BA0AF8ECA2}.Debug|Any CPU.Build.0 = Debug|Any CPU
		{BC819811-C192-4D19-BBE1-34BA0AF8ECA2}.Debug|Any CPU.Deploy.0 = Debug|Any CPU
		{BC819811-C192-4D19-BBE1-34BA0AF8ECA2}.Release|Any CPU.ActiveCfg = Release|Any CPU
		{BC819811-C192-4D19-BBE1-34BA0AF8ECA2}.Release|Any CPU.Build.0 = Release|Any CPU
		{BC819811-C192-4D19-BBE1-34BA0AF8ECA2}.Release|Any CPU.Deploy.0 = Release|Any CPU
		{E873C2F4-A87A-46D1-A24F-C6FA0B2EACE4}.Debug|Any CPU.ActiveCfg = Debug|Any CPU
		{E873C2F4-A87A-46D1-A24F-C6FA0B2EACE4}.Debug|Any CPU.Build.0 = Debug|Any CPU
		{E873C2F4-A87A-46D1-A24F-C6FA0B2EACE4}.Release|Any CPU.ActiveCfg = Release|Any CPU
		{E873C2F4-A87A-46D1-A24F-C6FA0B2EACE4}.Release|Any CPU.Build.0 = Release|Any CPU
	EndGlobalSection
	GlobalSection(SolutionProperties) = preSolution
		HideSolutionNode = FALSE
	EndGlobalSection
	GlobalSection(ExtensibilityGlobals) = postSolution
		SolutionGuid = {B0CC6CF4-58C8-4417-B706-EE0AA9E6F152}
	EndGlobalSection
EndGlobal
